
Microsoft Visual Studio Solution File, Format Version 12.00
# Visual Studio Version 16
VisualStudioVersion = 16.0.30503.244
MinimumVisualStudioVersion = 10.0.40219.1
Project("{FAE04EC0-301F-11D3-BF4B-00C04F79EFBC}") = "jwtdemo", "jwtdemo\jwtdemo.csproj", "{83D5364C-4E65-4C3A-B3B9-60FC40B9272D}"
EndProject
Global
	GlobalSection(SolutionConfigurationPlatforms) = preSolution
		Debug|Any CPU = Debug|Any CPU
		Release|Any CPU = Release|Any CPU
	EndGlobalSection
	GlobalSection(ProjectConfigurationPlatforms) = postSolution
		{83D5364C-4E65-4C3A-B3B9-60FC40B9272D}.Debug|Any CPU.ActiveCfg = Debug|Any CPU
		{83D5364C-4E65-4C3A-B3B9-60FC40B9272D}.Debug|Any CPU.Build.0 = Debug|Any CPU
		{83D5364C-4E65-4C3A-B3B9-60FC40B9272D}.Release|Any CPU.ActiveCfg = Release|Any CPU
		{83D5364C-4E65-4C3A-B3B9-60FC40B9272D}.Release|Any CPU.Build.0 = Release|Any CPU
	EndGlobalSection
	GlobalSection(SolutionProperties) = preSolution
		HideSolutionNode = FALSE
	EndGlobalSection
	GlobalSection(ExtensibilityGlobals) = postSolution
		SolutionGuid = {3161D3A0-C678-4415-A452-6309053155E4}
	EndGlobalSection
EndGlobal
